
Microsoft Visual Studio Solution File, Format Version 12.00
# Visual Studio 2013
VisualStudioVersion = 12.0.21005.1
MinimumVisualStudioVersion = 10.0.40219.1
Project("{FAE04EC0-301F-11D3-BF4B-00C04F79EFBC}") = "InstallWindownService", "InstallWindownService.csproj", "{927A2653-B1D1-44D9-9BEC-5F05642A2B52}"
EndProject
Global
	GlobalSection(SolutionConfigurationPlatforms) = preSolution
		Debug|Any CPU = Debug|Any CPU
		Release|Any CPU = Release|Any CPU
	EndGlobalSection
	GlobalSection(ProjectConfigurationPlatforms) = postSolution
		{927A2653-B1D1-44D9-9BEC-5F05642A2B52}.Debug|Any CPU.ActiveCfg = Debug|Any CPU
		{927A2653-B1D1-44D9-9BEC-5F05642A2B52}.Debug|Any CPU.Build.0 = Debug|Any CPU
		{927A2653-B1D1-44D9-9BEC-5F05642A2B52}.Release|Any CPU.ActiveCfg = Release|Any CPU
		{927A2653-B1D1-44D9-9BEC-5F05642A2B52}.Release|Any CPU.Build.0 = Release|Any CPU
	EndGlobalSection
	GlobalSection(SolutionProperties) = preSolution
		HideSolutionNode = FALSE
	EndGlobalSection
EndGlobal
